
Microsoft Visual Studio Solution File, Format Version 12.00
# Visual Studio Version 17
VisualStudioVersion = 17.3.32922.545
MinimumVisualStudioVersion = 10.0.40219.1
Project("{9A19103F-16F7-4668-BE54-9A1E7A4F7556}") = "PFA-Project", "PFA-Project\PFA-Project.csproj", "{18B8A6E1-3DE9-42AA-A7FA-63FF2409332A}"
EndProject
Global
	GlobalSection(SolutionConfigurationPlatforms) = preSolution
		Debug|Any CPU = Debug|Any CPU
		Release|Any CPU = Release|Any CPU
	EndGlobalSection
	GlobalSection(ProjectConfigurationPlatforms) = postSolution
		{18B8A6E1-3DE9-42AA-A7FA-63FF2409332A}.Debug|Any CPU.ActiveCfg = Debug|Any CPU
		{18B8A6E1-3DE9-42AA-A7FA-63FF2409332A}.Debug|Any CPU.Build.0 = Debug|Any CPU
		{18B8A6E1-3DE9-42AA-A7FA-63FF2409332A}.Release|Any CPU.ActiveCfg = Release|Any CPU
		{18B8A6E1-3DE9-42AA-A7FA-63FF2409332A}.Release|Any CPU.Build.0 = Release|Any CPU
	EndGlobalSection
	GlobalSection(SolutionProperties) = preSolution
		HideSolutionNode = FALSE
	EndGlobalSection
	GlobalSection(ExtensibilityGlobals) = postSolution
		SolutionGuid = {EAAC18BE-B866-46EF-BF75-C35AD3206546}
	EndGlobalSection
EndGlobal
